PODS:
  - ZLFBaseConfigToolSwift (0.1.6)

DEPENDENCIES:
  - ZLFBaseConfigToolSwift (from `../`)

EXTERNAL SOURCES:
  ZLFBaseConfigToolSwift:
    :path: "../"

SPEC CHECKSUMS:
  ZLFBaseConfigToolSwift: 5817f9a91af38f3b93ce0c2c4bc5e880b70845fd

PODFILE CHECKSUM: cfc359f7ad353c56b86df9926b4a628a3388d944

COCOAPODS: 1.9.1
